
Microsoft Visual Studio Solution File, Format Version 12.00
# Visual Studio 15
VisualStudioVersion = 15.0.28010.2019
MinimumVisualStudioVersion = 10.0.40219.1
Project("{FAE04EC0-301F-11D3-BF4B-00C04F79EFBC}") = "RedisConsoleDemo", "RedisConsoleDemoOne\RedisConsoleDemo.csproj", "{1EBCDEA3-5067-4A88-82CB-9265FCDB72CA}"
EndProject
Global
	GlobalSection(SolutionConfigurationPlatforms) = preSolution
		Debug|Any CPU = Debug|Any CPU
		Release|Any CPU = Release|Any CPU
	EndGlobalSection
	GlobalSection(ProjectConfigurationPlatforms) = postSolution
		{1EBCDEA3-5067-4A88-82CB-9265FCDB72CA}.Debug|Any CPU.ActiveCfg = Debug|Any CPU
		{1EBCDEA3-5067-4A88-82CB-9265FCDB72CA}.Debug|Any CPU.Build.0 = Debug|Any CPU
		{1EBCDEA3-5067-4A88-82CB-9265FCDB72CA}.Release|Any CPU.ActiveCfg = Release|Any CPU
		{1EBCDEA3-5067-4A88-82CB-9265FCDB72CA}.Release|Any CPU.Build.0 = Release|Any CPU
	EndGlobalSection
	GlobalSection(SolutionProperties) = preSolution
		HideSolutionNode = FALSE
	EndGlobalSection
	GlobalSection(ExtensibilityGlobals) = postSolution
		SolutionGuid = {1B4DAB12-B500-440A-8958-60DB1534D1EA}
	EndGlobalSection
EndGlobal
